
Microsoft Visual Studio Solution File, Format Version 12.00
# Visual Studio Version 16
VisualStudioVersion = 16.0.29709.97
MinimumVisualStudioVersion = 10.0.40219.1
Project("{FAE04EC0-301F-11D3-BF4B-00C04F79EFBC}") = "xbox-winfsp", "xbox-winfsp.csproj", "{6EC13EBC-BD7E-4997-9B29-49D5F06143A6}"
EndProject
Global
	GlobalSection(SolutionConfigurationPlatforms) = preSolution
		Debug|Any CPU = Debug|Any CPU
		Release|Any CPU = Release|Any CPU
	EndGlobalSection
	GlobalSection(ProjectConfigurationPlatforms) = postSolution
		{6EC13EBC-BD7E-4997-9B29-49D5F06143A6}.Debug|Any CPU.ActiveCfg = Debug|Any CPU
		{6EC13EBC-BD7E-4997-9B29-49D5F06143A6}.Debug|Any CPU.Build.0 = Debug|Any CPU
		{6EC13EBC-BD7E-4997-9B29-49D5F06143A6}.Release|Any CPU.ActiveCfg = Release|Any CPU
		{6EC13EBC-BD7E-4997-9B29-49D5F06143A6}.Release|Any CPU.Build.0 = Release|Any CPU
	EndGlobalSection
	GlobalSection(SolutionProperties) = preSolution
		HideSolutionNode = FALSE
	EndGlobalSection
	GlobalSection(ExtensibilityGlobals) = postSolution
		SolutionGuid = {ED63573F-596E-4FB1-95D7-B42CDC52FB37}
	EndGlobalSection
EndGlobal
